
Microsoft Visual Studio Solution File, Format Version 12.00
# Visual Studio 2015
Project("{FAE04EC0-301F-11D3-BF4B-00C04F79EFBC}") = "Destroy Van Helsing.CSharp.Plugins", "Destroy Van Helsing.CSharp.Plugins.csproj", "{20452DD7-AE21-3889-CED8-8B0000FCE5E2}"
EndProject
Project("{FAE04EC0-301F-11D3-BF4B-00C04F79EFBC}") = "Destroy Van Helsing.CSharp", "Destroy Van Helsing.CSharp.csproj", "{1BACE4AB-C300-D9BF-B8A1-DCB615B2CAD6}"
EndProject
Project("{FAE04EC0-301F-11D3-BF4B-00C04F79EFBC}") = "Destroy Van Helsing.CSharp.Editor", "Destroy Van Helsing.CSharp.Editor.csproj", "{6EDCDC58-D38C-C2DD-4206-7AAACBCB24D2}"
EndProject
Global
	GlobalSection(SolutionConfigurationPlatforms) = preSolution
		Debug|Any CPU = Debug|Any CPU
		Release|Any CPU = Release|Any CPU
	EndGlobalSection
	GlobalSection(ProjectConfigurationPlatforms) = postSolution
		{20452DD7-AE21-3889-CED8-8B0000FCE5E2}.Debug|Any CPU.ActiveCfg = Debug|Any CPU
		{20452DD7-AE21-3889-CED8-8B0000FCE5E2}.Debug|Any CPU.Build.0 = Debug|Any CPU
		{20452DD7-AE21-3889-CED8-8B0000FCE5E2}.Release|Any CPU.ActiveCfg = Release|Any CPU
		{20452DD7-AE21-3889-CED8-8B0000FCE5E2}.Release|Any CPU.Build.0 = Release|Any CPU
		{1BACE4AB-C300-D9BF-B8A1-DCB615B2CAD6}.Debug|Any CPU.ActiveCfg = Debug|Any CPU
		{1BACE4AB-C300-D9BF-B8A1-DCB615B2CAD6}.Debug|Any CPU.Build.0 = Debug|Any CPU
		{1BACE4AB-C300-D9BF-B8A1-DCB615B2CAD6}.Release|Any CPU.ActiveCfg = Release|Any CPU
		{1BACE4AB-C300-D9BF-B8A1-DCB615B2CAD6}.Release|Any CPU.Build.0 = Release|Any CPU
		{6EDCDC58-D38C-C2DD-4206-7AAACBCB24D2}.Debug|Any CPU.ActiveCfg = Debug|Any CPU
		{6EDCDC58-D38C-C2DD-4206-7AAACBCB24D2}.Debug|Any CPU.Build.0 = Debug|Any CPU
		{6EDCDC58-D38C-C2DD-4206-7AAACBCB24D2}.Release|Any CPU.ActiveCfg = Release|Any CPU
		{6EDCDC58-D38C-C2DD-4206-7AAACBCB24D2}.Release|Any CPU.Build.0 = Release|Any CPU
	EndGlobalSection
	GlobalSection(SolutionProperties) = preSolution
		HideSolutionNode = FALSE
	EndGlobalSection
EndGlobal
